<Project xmlns="http://schemas.microsoft.com/developer/msbuild/2003">
    <PropertyGroup>
        <ProjectGuid>{6E3F4B39-7F2A-4B2D-9559-312AB1FCC7BB}</ProjectGuid>
        <MainSource>Marketing.dpr</MainSource>
        <Base>True</Base>
        <Config Condition="'$(Config)'==''">Debug</Config>
        <TargetedPlatforms>1025</TargetedPlatforms>
        <AppType>Application</AppType>
        <FrameworkType>VCL</FrameworkType>
        <ProjectVersion>17.2</ProjectVersion>
        <Platform Condition="'$(Platform)'==''">Win32</Platform>
    </PropertyGroup>
    <PropertyGroup Condition="'$(Config)'=='Base' or '$(Base)'!=''">
        <Base>true</Base>
    </PropertyGroup>
    <PropertyGroup Condition="('$(Platform)'=='Win32' and '$(Base)'=='true') or '$(Base_Win32)'!=''">
        <Base_Win32>true</Base_Win32>
        <CfgParent>Base</CfgParent>
        <Base>true</Base>
    </PropertyGroup>
    <PropertyGroup Condition="('$(Platform)'=='Win64' and '$(Base)'=='true') or '$(Base_Win64)'!=''">
        <Base_Win64>true</Base_Win64>
        <CfgParent>Base</CfgParent>
        <Base>true</Base>
    </PropertyGroup>
    <PropertyGroup Condition="'$(Config)'=='Release' or '$(Cfg_1)'!=''">
        <Cfg_1>true</Cfg_1>
        <CfgParent>Base</CfgParent>
        <Base>true</Base>
    </PropertyGroup>
    <PropertyGroup Condition="'$(Config)'=='Debug' or '$(Cfg_2)'!=''">
        <Cfg_2>true</Cfg_2>
        <CfgParent>Base</CfgParent>
        <Base>true</Base>
    </PropertyGroup>
    <PropertyGroup Condition="'$(Base)'!=''">
        <DCC_Namespace>Vcl;Vcl.Imaging;Vcl.Touch;Vcl.Samples;Vcl.Shell;System;Xml;Data;Datasnap;Web;Soap;Winapi;System.Win;IBX;$(DCC_Namespace)</DCC_Namespace>
        <DCC_UsePackage>vcl;rtl;vclx;indy;inet;xmlrtl;vclie;inetdbbde;inetdbxpress;dbrtl;dsnap;dsnapcon;vcldb;soaprtl;VclSmp;dbexpress;dbxcds;bdertl;vcldbx;webdsnap;websnap;adortl;ibxpress;teeui;teedb;tee;visualclx;visualdbclx;vclactnband;vclshlctrls;IntrawebDB_50_70;Intraweb_50_70;Rave50CLX;Rave50VCL;dclOfficeXP;dxCoreD7;dxGDIPlusD7;cxLibraryVCLD7;cxEditorsVCLD7;dxThemeD7;cxDataD7;cxExtEditorsVCLD7;dxEdtrD7;dxELibD7;dxDockingD7;dxComnD7;dxsbD7;dxBarD7;dxBarDBNavD7;cxBarEditItemD7;dxBarExtDBItemsD7;dxBarExtItemsD7;dxRibbonD7;dxNavBarD7;dxLayoutControlD7;dxLayoutControlcxEditAdaptersD7;dxLayoutControldxEditAdaptersD7;cxSpreadSheetVCLD7;EQTLD7;ECQDBCD7;EQDBTLD7;cxTreeListD7;cxTreeListdxBarPopupMenuD7;EQGridD7;dxGrEdD7;dxExELD7;cxPageControlVCLD7;cxGridD7;cxVerticalGridVCLD7;dxFlowChartD7;cxSchedulerD7;cxSchedulerGridD7;dxorgcD7;dxdborD7;dxMasterViewD7;cxWebD7;cxWebPascalScriptD7;cxWebSnapD7;dxmdsD7;dxdbtrD7;dxtrmdD7;dxPSCoreD7;dxPSLnksD7;dxPScxCommonD7;dxPScxExtCommonD7;dxPScxPCProdD7;dxPScxSSLnkD7;dxPScxTL5LnkD7;dxPScxVGridLnkD7;dxPSTeeChartD7;dxPSDBTeeChartD7;dxPSdxDBTVLnkD7;dxPSdxFCLnkD7;dxPSdxLCLnkD7;dxPSdxMVLnkD7;dxPSdxOCLnkD7;dxPSdxDBOCLnkD7;dxPsPrVwAdvD7;dxPSTLLnkD7;dxPSdxDBTLLnkD7;dxPSdxDBCtrlLnkD7;dxPSdxInsLnkD7;dxInsD7;dxPSdxOILnkD7;dxObjInsD7;dxPSdxDBGrLnkD7;dxPScxGrid6LnkD7;cxPivotGridD7;cxPivotGridChartD7;cxPivotGridOLAPD7;dxDBEdD7;dxExRwD7;dcldxSkinsCoreD7;dxSkinsCoreD7;dxSkinscxPCPainterD7;dxSkinsdxLCPainterD7;dxSkinscxScheduler3PainterD7;dxSkinsdxNavBar2PainterD7;dxSkinsdxDLPainterD7;dxSkinsdxRibbonPainterD7;dxSkinsdxBarPainterD7;dxSkinBlackD7;dxSkinBlueD7;dxSkinSilverD7;dxSkinStardustD7;dxSkinValentineD7;dxSkinXmas2008BlueD7;dxSkinCaramelD7;dxSkinDarkSideD7;dxSkinPumpkinD7;dxSkinCoffeeD7;dxSkinGlassOceansD7;dxSkiniMaginaryD7;dxSkinMcSkinD7;dxSkinLilianD7;dxSkinLiquidSkyD7;dxSkinLondonLiquidSkyD7;dxSkinMoneyTwinsD7;dxSkinOffice2007BlackD7;dxSkinOffice2007BlueD7;dxSkinOffice2007GreenD7;dxSkinOffice2007PinkD7;dxSkinOffice2007SilverD7;dxSkinSummer2008D7;dxSkinSpringTimeD7;dxSkinSevenD7;dxSkinFoggyD7;dxSkinDarkRoomD7;dxSkinSharpD7;dxSpellCheckerD7;EhLib70;EhLibDataDrivers70;DJCL70;JVCL200_R70;qrpt;SUIPackD7;FR7;FRBDE7;FRADO7;FRIBX7;FRDBX7;fs7;frx7;frxDB7;fsDB7;frxADO7;fsADO7;frxBDE7;fsBDE7;frxDBX7;frxIBX7;fsIBX7;frxe7;TMSD7;TMSD7PERS;dac70;dacvcl70;mydac70;mydacvcl70;mysqlmon70;dclmydac70;dclmysqlmon70;RAWPrinter;te_d7;te_db_d7;CPortLib7;raw;dss;cxWebTeeChartD7;inetdb;tmsxlsd7;crcontrols70;ZCore;ZParseSql;ZPlain;$(DCC_UsePackage)</DCC_UsePackage>
        <DCC_E>false</DCC_E>
        <DCC_S>false</DCC_S>
        <SanitizedProjectName>Marketing</SanitizedProjectName>
        <DCC_ImageBase>00400000</DCC_ImageBase>
        <DCC_F>false</DCC_F>
        <DCC_K>false</DCC_K>
        <VerInfo_Locale>1033</VerInfo_Locale>
        <DCC_N>true</DCC_N>
        <DCC_SymbolReferenceInfo>1</DCC_SymbolReferenceInfo>
        <VerInfo_Keys>CompanyName=;FileDescription=;FileVersion=1.0.0.0;InternalName=;LegalCopyright=;LegalTrademarks=;OriginalFilename=;ProductName=;ProductVersion=1.0.0.0;Comments=</VerInfo_Keys>
        <DCC_DebugInformation>1</DCC_DebugInformation>
    </PropertyGroup>
    <PropertyGroup Condition="'$(Base_Win32)'!=''">
        <DCC_Namespace>Winapi;System.Win;Data.Win;Datasnap.Win;Web.Win;Soap.Win;Xml.Win;Bde;$(DCC_Namespace)</DCC_Namespace>
        <VerInfo_IncludeVerInfo>true</VerInfo_IncludeVerInfo>
        <Manifest_File>$(BDS)\bin\default_app.manifest</Manifest_File>
        <VerInfo_Locale>1033</VerInfo_Locale>
        <Icon_MainIcon>Marketing_Icon.ico</Icon_MainIcon>
    </PropertyGroup>
    <PropertyGroup Condition="'$(Base_Win64)'!=''">
        <Icon_MainIcon>Marketing_Icon.ico</Icon_MainIcon>
    </PropertyGroup>
    <PropertyGroup Condition="'$(Cfg_1)'!=''">
        <DCC_SymbolReferenceInfo>0</DCC_SymbolReferenceInfo>
        <DCC_Define>RELEASE;$(DCC_Define)</DCC_Define>
        <DCC_DebugInformation>0</DCC_DebugInformation>
        <DCC_LocalDebugSymbols>false</DCC_LocalDebugSymbols>
    </PropertyGroup>
    <PropertyGroup Condition="'$(Cfg_2)'!=''">
        <DCC_Define>DEBUG;$(DCC_Define)</DCC_Define>
        <DCC_GenerateStackFrames>true</DCC_GenerateStackFrames>
        <DCC_Optimize>false</DCC_Optimize>
    </PropertyGroup>
    <ItemGroup>
        <DelphiCompile Include="$(MainSource)">
            <MainSource>MainSource</MainSource>
        </DelphiCompile>
        <DCCReference Include="MAIN.pas">
            <Form>frmMenu</Form>
        </DCCReference>
        <DCCReference Include="UfrmLogin.pas">
            <Form>frmLogin</Form>
        </DCCReference>
        <DCCReference Include="ufrmUser.pas">
            <Form>frmUser</Form>
        </DCCReference>
        <DCCReference Include="bantu\uFrmbantuan.pas">
            <Form>frmBantuan</Form>
        </DCCReference>
        <DCCReference Include="bantu\uReport.pas"/>
        <DCCReference Include="bantu\uModuleConnection.pas"/>
        <DCCReference Include="ufrmCxBrowse.pas">
            <Form>frmCxBrowse</Form>
        </DCCReference>
        <DCCReference Include="ufrmBrowseMarketing.pas">
            <Form>frmBrowseMarketing</Form>
        </DCCReference>
        <DCCReference Include="ufrmMarketing.pas">
            <Form>frmMarketing</Form>
        </DCCReference>
        <DCCReference Include="ufrmBrowseSubBarangPF.pas">
            <Form>frmBrowseSubBarangPF</Form>
        </DCCReference>
        <DCCReference Include="ufrmSubBarangPF.pas">
            <Form>frmSubBarangPF</Form>
        </DCCReference>
        <DCCReference Include="ufrmTargetMarketing.pas">
            <Form>frmTargetMarketing</Form>
        </DCCReference>
        <DCCReference Include="ufrmBrowseSetingbarangpf.pas">
            <Form>frmBrowseSetingBarangPF</Form>
        </DCCReference>
        <DCCReference Include="ufrmSetingBarangPF.pas">
            <Form>frmSetingBarangPF</Form>
        </DCCReference>
        <DCCReference Include="ufrmBrowseGrouppf.pas">
            <Form>frmBrowseGrouppf</Form>
        </DCCReference>
        <DCCReference Include="ufrmGrouppf.pas">
            <Form>frmGroupPF</Form>
        </DCCReference>
        <DCCReference Include="ufrmLapBulananMarketing.pas">
            <Form>frmLapBulananMarketing</Form>
        </DCCReference>
        <DCCReference Include="ufrmListJualMarketing.pas">
            <Form>frmListJualMarketing</Form>
        </DCCReference>
        <DCCReference Include="bantu\Ulib.pas"/>
        <DCCReference Include="ufrmKomisiMarketing.pas">
            <Form>frmKomisiMarketing</Form>
        </DCCReference>
        <BuildConfiguration Include="Debug">
            <Key>Cfg_2</Key>
            <CfgParent>Base</CfgParent>
        </BuildConfiguration>
        <BuildConfiguration Include="Base">
            <Key>Base</Key>
        </BuildConfiguration>
        <BuildConfiguration Include="Release">
            <Key>Cfg_1</Key>
            <CfgParent>Base</CfgParent>
        </BuildConfiguration>
    </ItemGroup>
    <ProjectExtensions>
        <Borland.Personality>Delphi.Personality.12</Borland.Personality>
        <Borland.ProjectType/>
        <BorlandProject>
            <Delphi.Personality>
                <Source>
                    <Source Name="MainSource">Marketing.dpr</Source>
                </Source>
            </Delphi.Personality>
            <Platforms>
                <Platform value="iOSDevice64">True</Platform>
                <Platform value="Win32">True</Platform>
                <Platform value="Win64">False</Platform>
            </Platforms>
        </BorlandProject>
        <ProjectFileVersion>12</ProjectFileVersion>
    </ProjectExtensions>
    <Import Project="$(BDS)\Bin\CodeGear.Delphi.Targets" Condition="Exists('$(BDS)\Bin\CodeGear.Delphi.Targets')"/>
    <Import Project="$(APPDATA)\Embarcadero\$(BDSAPPDATABASEDIR)\$(PRODUCTVERSION)\UserTools.proj" Condition="Exists('$(APPDATA)\Embarcadero\$(BDSAPPDATABASEDIR)\$(PRODUCTVERSION)\UserTools.proj')"/>
</Project>
